PODS:
  - Kiwi (2.3.0)
  - ReactiveCocoa (2.3.1):
    - ReactiveCocoa/UI
  - ReactiveCocoa/Core (2.3.1):
    - ReactiveCocoa/no-arc
  - ReactiveCocoa/no-arc (2.3.1)
  - ReactiveCocoa/UI (2.3.1):
    - ReactiveCocoa/Core
  - ReactiveCoreData (0.0.5):
    - ReactiveCocoa (~> 2.3.1)

DEPENDENCIES:
  - Kiwi (~> 2.3.0)
  - ReactiveCocoa (~> 2.3.1)
  - ReactiveCoreData (from `..`)

EXTERNAL SOURCES:
  ReactiveCoreData:
    :path: ..

SPEC CHECKSUMS:
  Kiwi: 54bece5b35564d9b8e03c608d926f1a22fcfc589
  ReactiveCocoa: dca75777b9d18990c8714a3a6f2149f29b4d1462
  ReactiveCoreData: 796fb1914de85eb0d524105e37b0c68faa138458

COCOAPODS: 0.33.1
