PODS:
  - Kiwi (2.2.3):
    - Kiwi/SenTestingKit
  - Kiwi/ARC (2.2.3)
  - Kiwi/NonARC (2.2.3)
  - Kiwi/SenTestingKit (2.2.3):
    - Kiwi/ARC
    - Kiwi/NonARC
  - ReactiveCocoa (2.1.8):
    - ReactiveCocoa/Core
    - ReactiveCocoa/no-arc
  - ReactiveCocoa/Core (2.1.8):
    - ReactiveCocoa/no-arc
  - ReactiveCocoa/no-arc (2.1.8)
  - ReactiveCoreData/iOS (0.0.4):
    - ReactiveCocoa (~> 2.1.8)

DEPENDENCIES:
  - Kiwi (~> 2.2.3)
  - ReactiveCocoa (~> 2.1.8)
  - ReactiveCoreData/iOS (from `..`)

EXTERNAL SOURCES:
  ReactiveCoreData:
    :path: ..

SPEC CHECKSUMS:
  Kiwi: 04c51e880831d291748ec702d42c4101f7eb95c9
  ReactiveCocoa: 0db710a0afa1c627a64470e5c912a3870d4854ae
  ReactiveCoreData: 0085386cd5d3d5887810478ab6e8a08cb0611c4d

COCOAPODS: 0.29.0
